
Microsoft Visual Studio Solution File, Format Version 12.00
# Visual Studio Version 16
VisualStudioVersion = 16.0.29613.14
MinimumVisualStudioVersion = 10.0.40219.1
Project("{FAE04EC0-301F-11D3-BF4B-00C04F79EFBC}") = "BanqUP_exercise", "BanqUP_exercise\BanqUP_exercise.csproj", "{A66EEEF7-B9AD-4B12-A777-56633662DED0}"
EndProject
Global
	GlobalSection(SolutionConfigurationPlatforms) = preSolution
		Debug|Any CPU = Debug|Any CPU
		Release|Any CPU = Release|Any CPU
	EndGlobalSection
	GlobalSection(ProjectConfigurationPlatforms) = postSolution
		{A66EEEF7-B9AD-4B12-A777-56633662DED0}.Debug|Any CPU.ActiveCfg = Debug|Any CPU
		{A66EEEF7-B9AD-4B12-A777-56633662DED0}.Debug|Any CPU.Build.0 = Debug|Any CPU
		{A66EEEF7-B9AD-4B12-A777-56633662DED0}.Release|Any CPU.ActiveCfg = Release|Any CPU
		{A66EEEF7-B9AD-4B12-A777-56633662DED0}.Release|Any CPU.Build.0 = Release|Any CPU
	EndGlobalSection
	GlobalSection(SolutionProperties) = preSolution
		HideSolutionNode = FALSE
	EndGlobalSection
	GlobalSection(ExtensibilityGlobals) = postSolution
		SolutionGuid = {9F23CDE4-5A8E-4205-A37B-561C69F8DDD4}
	EndGlobalSection
EndGlobal
